
Microsoft Visual Studio Solution File, Format Version 12.00
# Visual Studio Version 17
VisualStudioVersion = 17.0.31903.59
MinimumVisualStudioVersion = 10.0.40219.1
Project("{FAE04EC0-301F-11D3-BF4B-00C04F79EFBC}") = "Task1", "Task1\Task1.csproj", "{59AA1EC8-630B-4CD6-BFA0-23F699BA5756}"
EndProject
Project("{FAE04EC0-301F-11D3-BF4B-00C04F79EFBC}") = "Task2", "Task2\Task2.csproj", "{414DB4C1-9CA0-43ED-97BF-8E01AB6C285D}"
EndProject
Project("{FAE04EC0-301F-11D3-BF4B-00C04F79EFBC}") = "Task3", "Task3\Task3.csproj", "{F098964C-6962-4E7B-A6C7-11EED1AFABBE}"
EndProject
Project("{FAE04EC0-301F-11D3-BF4B-00C04F79EFBC}") = "Task4", "Task4\Task4.csproj", "{0DE9EC59-EE77-43C1-A0FA-101C54B8FEC2}"
EndProject
Global
	GlobalSection(SolutionConfigurationPlatforms) = preSolution
		Debug|Any CPU = Debug|Any CPU
		Release|Any CPU = Release|Any CPU
	EndGlobalSection
	GlobalSection(ProjectConfigurationPlatforms) = postSolution
		{59AA1EC8-630B-4CD6-BFA0-23F699BA5756}.Debug|Any CPU.ActiveCfg = Debug|Any CPU
		{59AA1EC8-630B-4CD6-BFA0-23F699BA5756}.Debug|Any CPU.Build.0 = Debug|Any CPU
		{59AA1EC8-630B-4CD6-BFA0-23F699BA5756}.Release|Any CPU.ActiveCfg = Release|Any CPU
		{59AA1EC8-630B-4CD6-BFA0-23F699BA5756}.Release|Any CPU.Build.0 = Release|Any CPU
		{414DB4C1-9CA0-43ED-97BF-8E01AB6C285D}.Debug|Any CPU.ActiveCfg = Debug|Any CPU
		{414DB4C1-9CA0-43ED-97BF-8E01AB6C285D}.Debug|Any CPU.Build.0 = Debug|Any CPU
		{414DB4C1-9CA0-43ED-97BF-8E01AB6C285D}.Release|Any CPU.ActiveCfg = Release|Any CPU
		{414DB4C1-9CA0-43ED-97BF-8E01AB6C285D}.Release|Any CPU.Build.0 = Release|Any CPU
		{F098964C-6962-4E7B-A6C7-11EED1AFABBE}.Debug|Any CPU.ActiveCfg = Debug|Any CPU
		{F098964C-6962-4E7B-A6C7-11EED1AFABBE}.Debug|Any CPU.Build.0 = Debug|Any CPU
		{F098964C-6962-4E7B-A6C7-11EED1AFABBE}.Release|Any CPU.ActiveCfg = Release|Any CPU
		{F098964C-6962-4E7B-A6C7-11EED1AFABBE}.Release|Any CPU.Build.0 = Release|Any CPU
		{0DE9EC59-EE77-43C1-A0FA-101C54B8FEC2}.Debug|Any CPU.ActiveCfg = Debug|Any CPU
		{0DE9EC59-EE77-43C1-A0FA-101C54B8FEC2}.Debug|Any CPU.Build.0 = Debug|Any CPU
		{0DE9EC59-EE77-43C1-A0FA-101C54B8FEC2}.Release|Any CPU.ActiveCfg = Release|Any CPU
		{0DE9EC59-EE77-43C1-A0FA-101C54B8FEC2}.Release|Any CPU.Build.0 = Release|Any CPU
	EndGlobalSection
	GlobalSection(SolutionProperties) = preSolution
		HideSolutionNode = FALSE
	EndGlobalSection
	GlobalSection(ExtensibilityGlobals) = postSolution
		SolutionGuid = {1A0B8F95-41A9-4E44-80CC-FF447EFE2145}
	EndGlobalSection
EndGlobal
